
Microsoft Visual Studio Solution File, Format Version 12.00
# Visual Studio Version 16
VisualStudioVersion = 16.0.30804.86
MinimumVisualStudioVersion = 10.0.40219.1
Project("{FAE04EC0-301F-11D3-BF4B-00C04F79EFBC}") = "ComparedCookie", "ComparedCookie.csproj", "{78C651FD-3D8D-41C8-B60A-2E7E8CB98DA6}"
EndProject
Global
	GlobalSection(SolutionConfigurationPlatforms) = preSolution
		Debug|Any CPU = Debug|Any CPU
		Release|Any CPU = Release|Any CPU
	EndGlobalSection
	GlobalSection(ProjectConfigurationPlatforms) = postSolution
		{78C651FD-3D8D-41C8-B60A-2E7E8CB98DA6}.Debug|Any CPU.ActiveCfg = Debug|Any CPU
		{78C651FD-3D8D-41C8-B60A-2E7E8CB98DA6}.Debug|Any CPU.Build.0 = Debug|Any CPU
		{78C651FD-3D8D-41C8-B60A-2E7E8CB98DA6}.Release|Any CPU.ActiveCfg = Release|Any CPU
		{78C651FD-3D8D-41C8-B60A-2E7E8CB98DA6}.Release|Any CPU.Build.0 = Release|Any CPU
	EndGlobalSection
	GlobalSection(SolutionProperties) = preSolution
		HideSolutionNode = FALSE
	EndGlobalSection
	GlobalSection(ExtensibilityGlobals) = postSolution
		SolutionGuid = {276DAC21-474F-4280-AFAC-B7B929C233E3}
	EndGlobalSection
EndGlobal
